// !$*UTF8*$!
{
	archiveVersion = 1;
	classes = {
	};
	objectVersion = 46;
	objects = {

/* Begin PBXBuildFile section */
		F3C505D31A0B7B7A0067A724 /* AppDelegate.swift in Sources */ = {isa = PBXBuildFile; fileRef = F3C505D21A0B7B7A0067A724 /* AppDelegate.swift */; };
		F3C505D51A0B7B7A0067A724 /* ViewController.swift in Sources */ = {isa = PBXBuildFile; fileRef = F3C505D41A0B7B7A0067A724 /* ViewController.swift */; };
		F3C505D81A0B7B7A0067A724 /* Main.storyboard in Resources */ = {isa = PBXBuildFile; fileRef = F3C505D61A0B7B7A0067A724 /* Main.storyboard */; };
		F3C505DA1A0B7B7A0067A724 /* Images.xcassets in Resources */ = {isa = PBXBuildFile; fileRef = F3C505D91A0B7B7A0067A724 /* Images.xcassets */; };
		F3C505E91A0B7B7B0067A724 /* SpainAppProtoTests.swift in Sources */ = {isa = PBXBuildFile; fileRef = F3C505E81A0B7B7B0067A724 /* SpainAppProtoTests.swift */; };
		F3C506211A0CD5860067A724 /* FrontView.xib in Resources */ = {isa = PBXBuildFile; fileRef = F3C506201A0CD5860067A724 /* FrontView.xib */; };
		F3C506231A0CD60E0067A724 /* FrontView.swift in Sources */ = {isa = PBXBuildFile; fileRef = F3C506221A0CD60E0067A724 /* FrontView.swift */; };
		F3C506691A11EF230067A724 /* Snappy.framework in Frameworks */ = {isa = PBXBuildFile; fileRef = F3C506661A11EED40067A724 /* Snappy.framework */; };
		F3C5066A1A11EF230067A724 /* Snappy.framework in Embed Frameworks */ = {isa = PBXBuildFile; fileRef = F3C506661A11EED40067A724 /* Snappy.framework */; settings = {ATTRIBUTES = (CodeSignOnCopy, RemoveHeadersOnCopy, ); }; };
/* End PBXBuildFile section */

/* Begin PBXContainerItemProxy section */
		F3C505E31A0B7B7B0067A724 /* PBXContainerItemProxy */ = {
			isa = PBXContainerItemProxy;
			containerPortal = F3C505C51A0B7B7A0067A724 /* Project object */;
			proxyType = 1;
			remoteGlobalIDString = F3C505CC1A0B7B7A0067A724;
			remoteInfo = SpainAppProto;
		};
		F3C506651A11EED40067A724 /* PBXContainerItemProxy */ = {
			isa = PBXContainerItemProxy;
			containerPortal = F3C506601A11EED40067A724 /* Snappy.xcodeproj */;
			proxyType = 2;
			remoteGlobalIDString = EEBCC9D819CC627D0083B827;
			remoteInfo = Snappy;
		};
		F3C506671A11EED40067A724 /* PBXContainerItemProxy */ = {
			isa = PBXContainerItemProxy;
			containerPortal = F3C506601A11EED40067A724 /* Snappy.xcodeproj */;
			proxyType = 2;
			remoteGlobalIDString = EEBCC9E219CC627E0083B827;
			remoteInfo = SnappyTests;
		};
		F3C5066B1A11EF230067A724 /* PBXContainerItemProxy */ = {
			isa = PBXContainerItemProxy;
			containerPortal = F3C506601A11EED40067A724 /* Snappy.xcodeproj */;
			proxyType = 1;
			remoteGlobalIDString = EEBCC9D719CC627D0083B827;
			remoteInfo = Snappy;
		};
/* End PBXContainerItemProxy section */

/* Begin PBXCopyFilesBuildPhase section */
		F3C5066D1A11EF240067A724 /* Embed Frameworks */ = {
			isa = PBXCopyFilesBuildPhase;
			buildActionMask = 2147483647;
			dstPath = "";
			dstSubfolderSpec = 10;
			files = (
				F3C5066A1A11EF230067A724 /* Snappy.framework in Embed Frameworks */,
			);
			name = "Embed Frameworks";
			runOnlyForDeploymentPostprocessing = 0;
		};
/* End PBXCopyFilesBuildPhase section */

/* Begin PBXFileReference section */
		F3C505CD1A0B7B7A0067A724 /* SpainAppProto.app */ = {isa = PBXFileReference; explicitFileType = wrapper.application; includeInIndex = 0; path = SpainAppProto.app; sourceTree = BUILT_PRODUCTS_DIR; };
		F3C505D11A0B7B7A0067A724 /* Info.plist */ = {isa = PBXFileReference; lastKnownFileType = text.plist.xml; path = Info.plist; sourceTree = "<group>"; };
		F3C505D21A0B7B7A0067A724 /* AppDelegate.swift */ = {isa = PBXFileReference; lastKnownFileType = sourcecode.swift; path = AppDelegate.swift; sourceTree = "<group>"; };
		F3C505D41A0B7B7A0067A724 /* ViewController.swift */ = {isa = PBXFileReference; lastKnownFileType = sourcecode.swift; path = ViewController.swift; sourceTree = "<group>"; };
		F3C505D71A0B7B7A0067A724 /* Base */ = {isa = PBXFileReference; lastKnownFileType = file.storyboard; name = Base; path = Base.lproj/Main.storyboard; sourceTree = "<group>"; };
		F3C505D91A0B7B7A0067A724 /* Images.xcassets */ = {isa = PBXFileReference; lastKnownFileType = folder.assetcatalog; path = Images.xcassets; sourceTree = "<group>"; };
		F3C505E21A0B7B7B0067A724 /* SpainAppProtoTests.xctest */ = {isa = PBXFileReference; explicitFileType = wrapper.cfbundle; includeInIndex = 0; path = SpainAppProtoTests.xctest; sourceTree = BUILT_PRODUCTS_DIR; };
		F3C505E71A0B7B7B0067A724 /* Info.plist */ = {isa = PBXFileReference; lastKnownFileType = text.plist.xml; path = Info.plist; sourceTree = "<group>"; };
		F3C505E81A0B7B7B0067A724 /* SpainAppProtoTests.swift */ = {isa = PBXFileReference; lastKnownFileType = sourcecode.swift; path = SpainAppProtoTests.swift; sourceTree = "<group>"; };
		F3C506201A0CD5860067A724 /* FrontView.xib */ = {isa = PBXFileReference; fileEncoding = 4; lastKnownFileType = file.xib; path = FrontView.xib; sourceTree = "<group>"; };
		F3C506221A0CD60E0067A724 /* FrontView.swift */ = {isa = PBXFileReference; fileEncoding = 4; lastKnownFileType = sourcecode.swift; path = FrontView.swift; sourceTree = "<group>"; };
		F3C506601A11EED40067A724 /* Snappy.xcodeproj */ = {isa = PBXFileReference; lastKnownFileType = "wrapper.pb-project"; name = Snappy.xcodeproj; path = Snappy/Snappy.xcodeproj; sourceTree = SOURCE_ROOT; };
/* End PBXFileReference section */

/* Begin PBXFrameworksBuildPhase section */
		F3C505CA1A0B7B7A0067A724 /* Frameworks */ = {
			isa = PBXFrameworksBuildPhase;
			buildActionMask = 2147483647;
			files = (
				F3C506691A11EF230067A724 /* Snappy.framework in Frameworks */,
			);
			runOnlyForDeploymentPostprocessing = 0;
		};
		F3C505DF1A0B7B7B0067A724 /* Frameworks */ = {
			isa = PBXFrameworksBuildPhase;
			buildActionMask = 2147483647;
			files = (
			);
			runOnlyForDeploymentPostprocessing = 0;
		};
/* End PBXFrameworksBuildPhase section */

/* Begin PBXGroup section */
		F3C505C41A0B7B7A0067A724 = {
			isa = PBXGroup;
			children = (
				F3C505CF1A0B7B7A0067A724 /* SpainAppProto */,
				F3C505E51A0B7B7B0067A724 /* SpainAppProtoTests */,
				F3C505CE1A0B7B7A0067A724 /* Products */,
			);
			sourceTree = "<group>";
		};
		F3C505CE1A0B7B7A0067A724 /* Products */ = {
			isa = PBXGroup;
			children = (
				F3C505CD1A0B7B7A0067A724 /* SpainAppProto.app */,
				F3C505E21A0B7B7B0067A724 /* SpainAppProtoTests.xctest */,
			);
			name = Products;
			sourceTree = "<group>";
		};
		F3C505CF1A0B7B7A0067A724 /* SpainAppProto */ = {
			isa = PBXGroup;
			children = (
				F3C505D21A0B7B7A0067A724 /* AppDelegate.swift */,
				F3C505D41A0B7B7A0067A724 /* ViewController.swift */,
				F3C505D61A0B7B7A0067A724 /* Main.storyboard */,
				F3C505D91A0B7B7A0067A724 /* Images.xcassets */,
				F3C505D01A0B7B7A0067A724 /* Supporting Files */,
				F3C506201A0CD5860067A724 /* FrontView.xib */,
				F3C506221A0CD60E0067A724 /* FrontView.swift */,
				F3C506601A11EED40067A724 /* Snappy.xcodeproj */,
			);
			path = SpainAppProto;
			sourceTree = "<group>";
		};
		F3C505D01A0B7B7A0067A724 /* Supporting Files */ = {
			isa = PBXGroup;
			children = (
				F3C505D11A0B7B7A0067A724 /* Info.plist */,
			);
			name = "Supporting Files";
			sourceTree = "<group>";
		};
		F3C505E51A0B7B7B0067A724 /* SpainAppProtoTests */ = {
			isa = PBXGroup;
			children = (
				F3C505E81A0B7B7B0067A724 /* SpainAppProtoTests.swift */,
				F3C505E61A0B7B7B0067A724 /* Supporting Files */,
			);
			path = SpainAppProtoTests;
			sourceTree = "<group>";
		};
		F3C505E61A0B7B7B0067A724 /* Supporting Files */ = {
			isa = PBXGroup;
			children = (
				F3C505E71A0B7B7B0067A724 /* Info.plist */,
			);
			name = "Supporting Files";
			sourceTree = "<group>";
		};
		F3C506611A11EED40067A724 /* Products */ = {
			isa = PBXGroup;
			children = (
				F3C506661A11EED40067A724 /* Snappy.framework */,
				F3C506681A11EED40067A724 /* SnappyTests.xctest */,
			);
			name = Products;
			sourceTree = "<group>";
		};
/* End PBXGroup section */

/* Begin PBXNativeTarget section */
		F3C505CC1A0B7B7A0067A724 /* SpainAppProto */ = {
			isa = PBXNativeTarget;
			buildConfigurationList = F3C505EC1A0B7B7B0067A724 /* Build configuration list for PBXNativeTarget "SpainAppProto" */;
			buildPhases = (
				F3C505C91A0B7B7A0067A724 /* Sources */,
				F3C505CA1A0B7B7A0067A724 /* Frameworks */,
				F3C505CB1A0B7B7A0067A724 /* Resources */,
				F3C5066D1A11EF240067A724 /* Embed Frameworks */,
			);
			buildRules = (
			);
			dependencies = (
				F3C5066C1A11EF230067A724 /* PBXTargetDependency */,
			);
			name = SpainAppProto;
			productName = SpainAppProto;
			productReference = F3C505CD1A0B7B7A0067A724 /* SpainAppProto.app */;
			productType = "com.apple.product-type.application";
		};
		F3C505E11A0B7B7B0067A724 /* SpainAppProtoTests */ = {
			isa = PBXNativeTarget;
			buildConfigurationList = F3C505EF1A0B7B7B0067A724 /* Build configuration list for PBXNativeTarget "SpainAppProtoTests" */;
			buildPhases = (
				F3C505DE1A0B7B7B0067A724 /* Sources */,
				F3C505DF1A0B7B7B0067A724 /* Frameworks */,
				F3C505E01A0B7B7B0067A724 /* Resources */,
			);
			buildRules = (
			);
			dependencies = (
				F3C505E41A0B7B7B0067A724 /* PBXTargetDependency */,
			);
			name = SpainAppProtoTests;
			productName = SpainAppProtoTests;
			productReference = F3C505E21A0B7B7B0067A724 /* SpainAppProtoTests.xctest */;
			productType = "com.apple.product-type.bundle.unit-test";
		};
/* End PBXNativeTarget section */

/* Begin PBXProject section */
		F3C505C51A0B7B7A0067A724 /* Project object */ = {
			isa = PBXProject;
			attributes = {
				LastUpgradeCheck = 0610;
				ORGANIZATIONNAME = "Marshal Wu";
				TargetAttributes = {
					F3C505CC1A0B7B7A0067A724 = {
						CreatedOnToolsVersion = 6.1;
					};
					F3C505E11A0B7B7B0067A724 = {
						CreatedOnToolsVersion = 6.1;
						TestTargetID = F3C505CC1A0B7B7A0067A724;
					};
				};
			};
			buildConfigurationList = F3C505C81A0B7B7A0067A724 /* Build configuration list for PBXProject "SpainAppProto" */;
			compatibilityVersion = "Xcode 3.2";
			developmentRegion = English;
			hasScannedForEncodings = 0;
			knownRegions = (
				en,
				Base,
			);
			mainGroup = F3C505C41A0B7B7A0067A724;
			productRefGroup = F3C505CE1A0B7B7A0067A724 /* Products */;
			projectDirPath = "";
			projectReferences = (
				{
					ProductGroup = F3C506611A11EED40067A724 /* Products */;
					ProjectRef = F3C506601A11EED40067A724 /* Snappy.xcodeproj */;
				},
			);
			projectRoot = "";
			targets = (
				F3C505CC1A0B7B7A0067A724 /* SpainAppProto */,
				F3C505E11A0B7B7B0067A724 /* SpainAppProtoTests */,
			);
		};
/* End PBXProject section */

/* Begin PBXReferenceProxy section */
		F3C506661A11EED40067A724 /* Snappy.framework */ = {
			isa = PBXReferenceProxy;
			fileType = wrapper.framework;
			path = Snappy.framework;
			remoteRef = F3C506651A11EED40067A724 /* PBXContainerItemProxy */;
			sourceTree = BUILT_PRODUCTS_DIR;
		};
		F3C506681A11EED40067A724 /* SnappyTests.xctest */ = {
			isa = PBXReferenceProxy;
			fileType = wrapper.cfbundle;
			path = SnappyTests.xctest;
			remoteRef = F3C506671A11EED40067A724 /* PBXContainerItemProxy */;
			sourceTree = BUILT_PRODUCTS_DIR;
		};
/* End PBXReferenceProxy section */

/* Begin PBXResourcesBuildPhase section */
		F3C505CB1A0B7B7A0067A724 /* Resources */ = {
			isa = PBXResourcesBuildPhase;
			buildActionMask = 2147483647;
			files = (
				F3C505D81A0B7B7A0067A724 /* Main.storyboard in Resources */,
				F3C506211A0CD5860067A724 /* FrontView.xib in Resources */,
				F3C505DA1A0B7B7A0067A724 /* Images.xcassets in Resources */,
			);
			runOnlyForDeploymentPostprocessing = 0;
		};
		F3C505E01A0B7B7B0067A724 /* Resources */ = {
			isa = PBXResourcesBuildPhase;
			buildActionMask = 2147483647;
			files = (
			);
			runOnlyForDeploymentPostprocessing = 0;
		};
/* End PBXResourcesBuildPhase section */

/* Begin PBXSourcesBuildPhase section */
		F3C505C91A0B7B7A0067A724 /* Sources */ = {
			isa = PBXSourcesBuildPhase;
			buildActionMask = 2147483647;
			files = (
				F3C505D51A0B7B7A0067A724 /* ViewController.swift in Sources */,
				F3C505D31A0B7B7A0067A724 /* AppDelegate.swift in Sources */,
				F3C506231A0CD60E0067A724 /* FrontView.swift in Sources */,
			);
			runOnlyForDeploymentPostprocessing = 0;
		};
		F3C505DE1A0B7B7B0067A724 /* Sources */ = {
			isa = PBXSourcesBuildPhase;
			buildActionMask = 2147483647;
			files = (
				F3C505E91A0B7B7B0067A724 /* SpainAppProtoTests.swift in Sources */,
			);
			runOnlyForDeploymentPostprocessing = 0;
		};
/* End PBXSourcesBuildPhase section */

/* Begin PBXTargetDependency section */
		F3C505E41A0B7B7B0067A724 /* PBXTargetDependency */ = {
			isa = PBXTargetDependency;
			target = F3C505CC1A0B7B7A0067A724 /* SpainAppProto */;
			targetProxy = F3C505E31A0B7B7B0067A724 /* PBXContainerItemProxy */;
		};
		F3C5066C1A11EF230067A724 /* PBXTargetDependency */ = {
			isa = PBXTargetDependency;
			name = Snappy;
			targetProxy = F3C5066B1A11EF230067A724 /* PBXContainerItemProxy */;
		};
/* End PBXTargetDependency section */

/* Begin PBXVariantGroup section */
		F3C505D61A0B7B7A0067A724 /* Main.storyboard */ = {
			isa = PBXVariantGroup;
			children = (
				F3C505D71A0B7B7A0067A724 /* Base */,
			);
			name = Main.storyboard;
			sourceTree = "<group>";
		};
/* End PBXVariantGroup section */

/* Begin XCBuildConfiguration section */
		F3C505EA1A0B7B7B0067A724 /* Debug */ = {
			isa = XCBuildConfiguration;
			buildSettings = {
				ALWAYS_SEARCH_USER_PATHS = NO;
				CLANG_CXX_LANGUAGE_STANDARD = "gnu++0x";
				CLANG_CXX_LIBRARY = "libc++";
				CLANG_ENABLE_MODULES = YES;
				CLANG_ENABLE_OBJC_ARC = YES;
				CLANG_WARN_BOOL_CONVERSION = YES;
				CLANG_WARN_CONSTANT_CONVERSION = YES;
				CLANG_WARN_DIRECT_OBJC_ISA_USAGE = YES_ERROR;
				CLANG_WARN_EMPTY_BODY = YES;
				CLANG_WARN_ENUM_CONVERSION = YES;
				CLANG_WARN_INT_CONVERSION = YES;
				CLANG_WARN_OBJC_ROOT_CLASS = YES_ERROR;
				CLANG_WARN_UNREACHABLE_CODE = YES;
				CLANG_WARN__DUPLICATE_METHOD_MATCH = YES;
				"CODE_SIGN_IDENTITY[sdk=iphoneos*]" = "iPhone Developer";
				COPY_PHASE_STRIP = NO;
				ENABLE_STRICT_OBJC_MSGSEND = YES;
				GCC_C_LANGUAGE_STANDARD = gnu99;
				GCC_DYNAMIC_NO_PIC = NO;
				GCC_OPTIMIZATION_LEVEL = 0;
				GCC_PREPROCESSOR_DEFINITIONS = (
					"DEBUG=1",
					"$(inherited)",
				);
				GCC_SYMBOLS_PRIVATE_EXTERN = NO;
				GCC_WARN_64_TO_32_BIT_CONVERSION = YES;
				GCC_WARN_ABOUT_RETURN_TYPE = YES_ERROR;
				GCC_WARN_UNDECLARED_SELECTOR = YES;
				GCC_WARN_UNINITIALIZED_AUTOS = YES_AGGRESSIVE;
				GCC_WARN_UNUSED_FUNCTION = YES;
				GCC_WARN_UNUSED_VARIABLE = YES;
				IPHONEOS_DEPLOYMENT_TARGET = 8.1;
				MTL_ENABLE_DEBUG_INFO = YES;
				ONLY_ACTIVE_ARCH = YES;
				SDKROOT = iphoneos;
				SWIFT_OPTIMIZATION_LEVEL = "-Onone";
			};
			name = Debug;
		};
		F3C505EB1A0B7B7B0067A724 /* Release */ = {
			isa = XCBuildConfiguration;
			buildSettings = {
				ALWAYS_SEARCH_USER_PATHS = NO;
				CLANG_CXX_LANGUAGE_STANDARD = "gnu++0x";
				CLANG_CXX_LIBRARY = "libc++";
				CLANG_ENABLE_MODULES = YES;
				CLANG_ENABLE_OBJC_ARC = YES;
				CLANG_WARN_BOOL_CONVERSION = YES;
				CLANG_WARN_CONSTANT_CONVERSION = YES;
				CLANG_WARN_DIRECT_OBJC_ISA_USAGE = YES_ERROR;
				CLANG_WARN_EMPTY_BODY = YES;
				CLANG_WARN_ENUM_CONVERSION = YES;
				CLANG_WARN_INT_CONVERSION = YES;
				CLANG_WARN_OBJC_ROOT_CLASS = YES_ERROR;
				CLANG_WARN_UNREACHABLE_CODE = YES;
				CLANG_WARN__DUPLICATE_METHOD_MATCH = YES;
				"CODE_SIGN_IDENTITY[sdk=iphoneos*]" = "iPhone Developer";
				COPY_PHASE_STRIP = YES;
				ENABLE_NS_ASSERTIONS = NO;
				ENABLE_STRICT_OBJC_MSGSEND = YES;
				GCC_C_LANGUAGE_STANDARD = gnu99;
				GCC_WARN_64_TO_32_BIT_CONVERSION = YES;
				GCC_WARN_ABOUT_RETURN_TYPE = YES_ERROR;
				GCC_WARN_UNDECLARED_SELECTOR = YES;
				GCC_WARN_UNINITIALIZED_AUTOS = YES_AGGRESSIVE;
				GCC_WARN_UNUSED_FUNCTION = YES;
				GCC_WARN_UNUSED_VARIABLE = YES;
				IPHONEOS_DEPLOYMENT_TARGET = 8.1;
				MTL_ENABLE_DEBUG_INFO = NO;
				SDKROOT = iphoneos;
				VALIDATE_PRODUCT = YES;
			};
			name = Release;
		};
		F3C505ED1A0B7B7B0067A724 /* Debug */ = {
			isa = XCBuildConfiguration;
			buildSettings = {
				ASSETCATALOG_COMPILER_APPICON_NAME = AppIcon;
				EMBEDDED_CONTENT_CONTAINS_SWIFT = YES;
				INFOPLIST_FILE = SpainAppProto/Info.plist;
				LD_RUNPATH_SEARCH_PATHS = "$(inherited) @executable_path/Frameworks";
				PRODUCT_NAME = "$(TARGET_NAME)";
			};
			name = Debug;
		};
		F3C505EE1A0B7B7B0067A724 /* Release */ = {
			isa = XCBuildConfiguration;
			buildSettings = {
				ASSETCATALOG_COMPILER_APPICON_NAME = AppIcon;
				EMBEDDED_CONTENT_CONTAINS_SWIFT = YES;
				INFOPLIST_FILE = SpainAppProto/Info.plist;
				LD_RUNPATH_SEARCH_PATHS = "$(inherited) @executable_path/Frameworks";
				PRODUCT_NAME = "$(TARGET_NAME)";
			};
			name = Release;
		};
		F3C505F01A0B7B7B0067A724 /* Debug */ = {
			isa = XCBuildConfiguration;
			buildSettings = {
				BUNDLE_LOADER = "$(TEST_HOST)";
				FRAMEWORK_SEARCH_PATHS = (
					"$(SDKROOT)/Developer/Library/Frameworks",
					"$(inherited)",
				);
				GCC_PREPROCESSOR_DEFINITIONS = (
					"DEBUG=1",
					"$(inherited)",
				);
				INFOPLIST_FILE = SpainAppProtoTests/Info.plist;
				LD_RUNPATH_SEARCH_PATHS = "$(inherited) @executable_path/Frameworks @loader_path/Frameworks";
				PRODUCT_NAME = "$(TARGET_NAME)";
				TEST_HOST = "$(BUILT_PRODUCTS_DIR)/SpainAppProto.app/SpainAppProto";
			};
			name = Debug;
		};
		F3C505F11A0B7B7B0067A724 /* Release */ = {
			isa = XCBuildConfiguration;
			buildSettings = {
				BUNDLE_LOADER = "$(TEST_HOST)";
				FRAMEWORK_SEARCH_PATHS = (
					"$(SDKROOT)/Developer/Library/Frameworks",
					"$(inherited)",
				);
				INFOPLIST_FILE = SpainAppProtoTests/Info.plist;
				LD_RUNPATH_SEARCH_PATHS = "$(inherited) @executable_path/Frameworks @loader_path/Frameworks";
				PRODUCT_NAME = "$(TARGET_NAME)";
				TEST_HOST = "$(BUILT_PRODUCTS_DIR)/SpainAppProto.app/SpainAppProto";
			};
			name = Release;
		};
/* End XCBuildConfiguration section */

/* Begin XCConfigurationList section */
		F3C505C81A0B7B7A0067A724 /* Build configuration list for PBXProject "SpainAppProto" */ = {
			isa = XCConfigurationList;
			buildConfigurations = (
				F3C505EA1A0B7B7B0067A724 /* Debug */,
				F3C505EB1A0B7B7B0067A724 /* Release */,
			);
			defaultConfigurationIsVisible = 0;
			defaultConfigurationName = Release;
		};
		F3C505EC1A0B7B7B0067A724 /* Build configuration list for PBXNativeTarget "SpainAppProto" */ = {
			isa = XCConfigurationList;
			buildConfigurations = (
				F3C505ED1A0B7B7B0067A724 /* Debug */,
				F3C505EE1A0B7B7B0067A724 /* Release */,
			);
			defaultConfigurationIsVisible = 0;
			defaultConfigurationName = Release;
		};
		F3C505EF1A0B7B7B0067A724 /* Build configuration list for PBXNativeTarget "SpainAppProtoTests" */ = {
			isa = XCConfigurationList;
			buildConfigurations = (
				F3C505F01A0B7B7B0067A724 /* Debug */,
				F3C505F11A0B7B7B0067A724 /* Release */,
			);
			defaultConfigurationIsVisible = 0;
			defaultConfigurationName = Release;
		};
/* End XCConfigurationList section */
	};
	rootObject = F3C505C51A0B7B7A0067A724 /* Project object */;
}
